
Microsoft Visual Studio Solution File, Format Version 12.00
# Visual Studio Version 17
VisualStudioVersion = 17.9.34723.18
MinimumVisualStudioVersion = 10.0.40219.1
Project("{8BC9CEB8-8B4A-11D0-8D11-00A0C91BC942}") = "Rogov_pr31_Dls", "Rogov_pr31_Dls\Rogov_pr31_Dls.vcxproj", "{67C2813D-7859-4E7A-AEF2-1B263EA5DA84}"
EndProject
Global
	GlobalSection(SolutionConfigurationPlatforms) = preSolution
		Debug|x64 = Debug|x64
		Debug|x86 = Debug|x86
		Release|x64 = Release|x64
		Release|x86 = Release|x86
	EndGlobalSection
	GlobalSection(ProjectConfigurationPlatforms) = postSolution
		{67C2813D-7859-4E7A-AEF2-1B263EA5DA84}.Debug|x64.ActiveCfg = Debug|x64
		{67C2813D-7859-4E7A-AEF2-1B263EA5DA84}.Debug|x64.Build.0 = Debug|x64
		{67C2813D-7859-4E7A-AEF2-1B263EA5DA84}.Debug|x86.ActiveCfg = Debug|Win32
		{67C2813D-7859-4E7A-AEF2-1B263EA5DA84}.Debug|x86.Build.0 = Debug|Win32
		{67C2813D-7859-4E7A-AEF2-1B263EA5DA84}.Release|x64.ActiveCfg = Release|x64
		{67C2813D-7859-4E7A-AEF2-1B263EA5DA84}.Release|x64.Build.0 = Release|x64
		{67C2813D-7859-4E7A-AEF2-1B263EA5DA84}.Release|x86.ActiveCfg = Release|Win32
		{67C2813D-7859-4E7A-AEF2-1B263EA5DA84}.Release|x86.Build.0 = Release|Win32
	EndGlobalSection
	GlobalSection(SolutionProperties) = preSolution
		HideSolutionNode = FALSE
	EndGlobalSection
	GlobalSection(ExtensibilityGlobals) = postSolution
		SolutionGuid = {00E89455-6576-435D-B13A-FAF1D10B777F}
	EndGlobalSection
EndGlobal
